# THIS IS AN AUTOGENERATED FILE. DO NOT EDIT THIS FILE DIRECTLY.
# yarn lockfile v1


httpie@^2.0.0-next.3:
  version "2.0.0-next.3"
  resolved "https://registry.yarnpkg.com/httpie/-/httpie-2.0.0-next.3.tgz#553f1eabe43cce873a8c4857243a445f0ba3d83a"
  integrity sha512-HIWXUBIywDIKOiZthjQJSTNdrzzGXq8exBWka5xwxn+Nw6iNOVlaN4r6/jzFFO7/Bhsi/eSI2yRV7aDMM7yT+g==
